
Microsoft Visual Studio Solution File, Format Version 12.00
# Visual Studio 15
VisualStudioVersion = 15.0.26730.10
MinimumVisualStudioVersion = 10.0.40219.1
Project("{2150E333-8FDC-42A3-9474-1A3956D46DE8}") = "0 - Apresentacao", "0 - Apresentacao", "{A5A596F5-D84C-415F-8C89-D6283E8DF907}"
EndProject
Project("{2150E333-8FDC-42A3-9474-1A3956D46DE8}") = "1 - Application", "1 - Application", "{8A508FE5-5139-4BB3-8B13-2B4AD2A06F03}"
EndProject
Project("{2150E333-8FDC-42A3-9474-1A3956D46DE8}") = "2 - Dominio", "2 - Dominio", "{8331F1FF-22DB-4250-923C-06F58BEFB87F}"
EndProject
Project("{2150E333-8FDC-42A3-9474-1A3956D46DE8}") = "3 - Infra", "3 - Infra", "{C664CFA5-9675-4F85-824E-4966CCC52AFD}"
EndProject
Project("{2150E333-8FDC-42A3-9474-1A3956D46DE8}") = "4 - Testes", "4 - Testes", "{17440425-B913-4525-9A26-53E47D4C0F29}"
EndProject
Project("{9A19103F-16F7-4668-BE54-9A1E7A4F7556}") = "App.WebApi", "App.WebApi\App.WebApi.csproj", "{567844F4-DB73-4B0C-A06D-B7D03D5EAC53}"
EndProject
Project("{9A19103F-16F7-4668-BE54-9A1E7A4F7556}") = "Dominio", "Dominio\Dominio.csproj", "{10BCE12F-52DD-486C-8FAA-46D450A042F4}"
EndProject
Project("{00D1A9C2-B5F0-4AF3-8072-F6C62B433612}") = "Infra.Database", "Infra.Database\Infra.Database.sqlproj", "{003A7394-AC32-49A1-98D9-063A423CAA9A}"
EndProject
Project("{9A19103F-16F7-4668-BE54-9A1E7A4F7556}") = "Infra.Repositorio", "Infra.Repositorio\Infra.Repositorio.csproj", "{5BAA5774-BBFC-4574-B02E-B7D0EFF961D2}"
EndProject
Project("{9A19103F-16F7-4668-BE54-9A1E7A4F7556}") = "Dominio.Kernel", "Dominio.Kernel\Dominio.Kernel.csproj", "{228EC057-64D3-4A31-9910-7A705627F870}"
EndProject
Project("{FAE04EC0-301F-11D3-BF4B-00C04F79EFBC}") = "Application", "Application\Application.csproj", "{5841C868-097A-4E65-9203-C3E993764DE7}"
EndProject
Project("{FAE04EC0-301F-11D3-BF4B-00C04F79EFBC}") = "Infra.IoC", "Infra.IoC\Infra.IoC.csproj", "{72F185D9-B330-47A5-9566-7C67BC73AE95}"
EndProject
Project("{FAE04EC0-301F-11D3-BF4B-00C04F79EFBC}") = "Testes", "Testes\Testes.csproj", "{B7309054-F065-41C5-9C36-61382B6A5358}"
EndProject
Global
	GlobalSection(SolutionConfigurationPlatforms) = preSolution
		Debug|Any CPU = Debug|Any CPU
		Release|Any CPU = Release|Any CPU
	EndGlobalSection
	GlobalSection(ProjectConfigurationPlatforms) = postSolution
		{567844F4-DB73-4B0C-A06D-B7D03D5EAC53}.Debug|Any CPU.ActiveCfg = Debug|Any CPU
		{567844F4-DB73-4B0C-A06D-B7D03D5EAC53}.Debug|Any CPU.Build.0 = Debug|Any CPU
		{567844F4-DB73-4B0C-A06D-B7D03D5EAC53}.Release|Any CPU.ActiveCfg = Release|Any CPU
		{567844F4-DB73-4B0C-A06D-B7D03D5EAC53}.Release|Any CPU.Build.0 = Release|Any CPU
		{10BCE12F-52DD-486C-8FAA-46D450A042F4}.Debug|Any CPU.ActiveCfg = Debug|Any CPU
		{10BCE12F-52DD-486C-8FAA-46D450A042F4}.Debug|Any CPU.Build.0 = Debug|Any CPU
		{10BCE12F-52DD-486C-8FAA-46D450A042F4}.Release|Any CPU.ActiveCfg = Release|Any CPU
		{10BCE12F-52DD-486C-8FAA-46D450A042F4}.Release|Any CPU.Build.0 = Release|Any CPU
		{003A7394-AC32-49A1-98D9-063A423CAA9A}.Debug|Any CPU.ActiveCfg = Debug|Any CPU
		{003A7394-AC32-49A1-98D9-063A423CAA9A}.Debug|Any CPU.Build.0 = Debug|Any CPU
		{003A7394-AC32-49A1-98D9-063A423CAA9A}.Debug|Any CPU.Deploy.0 = Debug|Any CPU
		{003A7394-AC32-49A1-98D9-063A423CAA9A}.Release|Any CPU.ActiveCfg = Release|Any CPU
		{003A7394-AC32-49A1-98D9-063A423CAA9A}.Release|Any CPU.Build.0 = Release|Any CPU
		{003A7394-AC32-49A1-98D9-063A423CAA9A}.Release|Any CPU.Deploy.0 = Release|Any CPU
		{5BAA5774-BBFC-4574-B02E-B7D0EFF961D2}.Debug|Any CPU.ActiveCfg = Debug|Any CPU
		{5BAA5774-BBFC-4574-B02E-B7D0EFF961D2}.Debug|Any CPU.Build.0 = Debug|Any CPU
		{5BAA5774-BBFC-4574-B02E-B7D0EFF961D2}.Release|Any CPU.ActiveCfg = Release|Any CPU
		{5BAA5774-BBFC-4574-B02E-B7D0EFF961D2}.Release|Any CPU.Build.0 = Release|Any CPU
		{228EC057-64D3-4A31-9910-7A705627F870}.Debug|Any CPU.ActiveCfg = Debug|Any CPU
		{228EC057-64D3-4A31-9910-7A705627F870}.Debug|Any CPU.Build.0 = Debug|Any CPU
		{228EC057-64D3-4A31-9910-7A705627F870}.Release|Any CPU.ActiveCfg = Release|Any CPU
		{228EC057-64D3-4A31-9910-7A705627F870}.Release|Any CPU.Build.0 = Release|Any CPU
		{5841C868-097A-4E65-9203-C3E993764DE7}.Debug|Any CPU.ActiveCfg = Debug|Any CPU
		{5841C868-097A-4E65-9203-C3E993764DE7}.Debug|Any CPU.Build.0 = Debug|Any CPU
		{5841C868-097A-4E65-9203-C3E993764DE7}.Release|Any CPU.ActiveCfg = Release|Any CPU
		{5841C868-097A-4E65-9203-C3E993764DE7}.Release|Any CPU.Build.0 = Release|Any CPU
		{72F185D9-B330-47A5-9566-7C67BC73AE95}.Debug|Any CPU.ActiveCfg = Debug|Any CPU
		{72F185D9-B330-47A5-9566-7C67BC73AE95}.Debug|Any CPU.Build.0 = Debug|Any CPU
		{72F185D9-B330-47A5-9566-7C67BC73AE95}.Release|Any CPU.ActiveCfg = Release|Any CPU
		{72F185D9-B330-47A5-9566-7C67BC73AE95}.Release|Any CPU.Build.0 = Release|Any CPU
		{B7309054-F065-41C5-9C36-61382B6A5358}.Debug|Any CPU.ActiveCfg = Debug|Any CPU
		{B7309054-F065-41C5-9C36-61382B6A5358}.Debug|Any CPU.Build.0 = Debug|Any CPU
		{B7309054-F065-41C5-9C36-61382B6A5358}.Release|Any CPU.ActiveCfg = Release|Any CPU
		{B7309054-F065-41C5-9C36-61382B6A5358}.Release|Any CPU.Build.0 = Release|Any CPU
	EndGlobalSection
	GlobalSection(SolutionProperties) = preSolution
		HideSolutionNode = FALSE
	EndGlobalSection
	GlobalSection(NestedProjects) = preSolution
		{567844F4-DB73-4B0C-A06D-B7D03D5EAC53} = {8A508FE5-5139-4BB3-8B13-2B4AD2A06F03}
		{10BCE12F-52DD-486C-8FAA-46D450A042F4} = {8331F1FF-22DB-4250-923C-06F58BEFB87F}
		{003A7394-AC32-49A1-98D9-063A423CAA9A} = {C664CFA5-9675-4F85-824E-4966CCC52AFD}
		{5BAA5774-BBFC-4574-B02E-B7D0EFF961D2} = {C664CFA5-9675-4F85-824E-4966CCC52AFD}
		{228EC057-64D3-4A31-9910-7A705627F870} = {8331F1FF-22DB-4250-923C-06F58BEFB87F}
		{5841C868-097A-4E65-9203-C3E993764DE7} = {8A508FE5-5139-4BB3-8B13-2B4AD2A06F03}
		{72F185D9-B330-47A5-9566-7C67BC73AE95} = {C664CFA5-9675-4F85-824E-4966CCC52AFD}
		{B7309054-F065-41C5-9C36-61382B6A5358} = {17440425-B913-4525-9A26-53E47D4C0F29}
	EndGlobalSection
	GlobalSection(ExtensibilityGlobals) = postSolution
		SolutionGuid = {AF5DF4A6-1447-4EF4-86D8-C791E4A705C1}
	EndGlobalSection
EndGlobal
